{
  "nodes": {
    "nixpkgs": {
      "locked": {
        "lastModified": 1708296515,
        "narHash": "sha256-FyF489fYNAUy7b6dkYV6rGPyzp+4tThhr80KNAaF/yY=",
        "owner": "nixos",
        "repo": "nixpkgs",
        "rev": "b98a4e1746acceb92c509bc496ef3d0e5ad8d4aa",
        "type": "github"
      },
      "original": {
        "owner": "nixos",
        "ref": "nixos-unstable",
        "repo": "nixpkgs",
        "type": "github"
      }
    },
    "nixpkgs_2": {
      "locked": {
        "lastModified": 1708118438,
        "narHash": "sha256-kk9/0nuVgA220FcqH/D2xaN6uGyHp/zoxPNUmPCMmEE=",
        "owner": "nixos",
        "repo": "nixpkgs",
        "rev": "5863c27340ba4de8f83e7e3c023b9599c3cb3c80",
        "type": "github"
      },
      "original": {
        "owner": "nixos",
        "ref": "nixos-unstable",
        "repo": "nixpkgs",
        "type": "github"
      }
    },
    "root": {
      "inputs": {
        "nixpkgs": "nixpkgs",
        "totp-cli": "totp-cli"
      }
    },
    "totp-cli": {
      "inputs": {
        "nixpkgs": "nixpkgs_2"
      },
      "locked": {
        "lastModified": 1708215531,
        "narHash": "sha256-6Ma9oME8FPQ+njzWoZFiU6P1P9AATndg+YEP+gZOIs4=",
        "owner": "probablyrohan",
        "repo": "totp-cli",
        "rev": "896549a7cc0ca622f719dd1905963fe8ec2282a3",
        "type": "github"
      },
      "original": {
        "owner": "probablyrohan",
        "repo": "totp-cli",
        "type": "github"
      }
    }
  },
  "root": "root",
  "version": 7
}
