{
  "nodes": {
    "nixpkgs": {
      "locked": {
        "lastModified": 1734424634,
        "narHash": "sha256-cHar1vqHOOyC7f1+tVycPoWTfKIaqkoe1Q6TnKzuti4=",
        "owner": "nixos",
        "repo": "nixpkgs",
        "rev": "d3c42f187194c26d9f0309a8ecc469d6c878ce33",
        "type": "github"
      },
      "original": {
        "owner": "nixos",
        "ref": "nixos-unstable",
        "repo": "nixpkgs",
        "type": "github"
      }
    },
    "root": {
      "inputs": {
        "nixpkgs": "nixpkgs",
        "totp-cli": "totp-cli"
      }
    },
    "totp-cli": {
      "inputs": {
        "nixpkgs": [
          "nixpkgs"
        ]
      },
      "locked": {
        "lastModified": 1734666888,
        "narHash": "sha256-xIjdNEJd6DIskfApRMq/Q4E90cb7flZ91R9F37TlVIQ=",
        "owner": "probablyrohan",
        "repo": "totp-cli",
        "rev": "c0e4c4f7b001b9f4aca32445c501026d95cef89c",
        "type": "github"
      },
      "original": {
        "owner": "probablyrohan",
        "repo": "totp-cli",
        "type": "github"
      }
    }
  },
  "root": "root",
  "version": 7
}
