{
  "nodes": {
    "nixpkgs": {
      "locked": {
        "lastModified": 1717786204,
        "narHash": "sha256-4q0s6m0GUcN7q+Y2DqD27iLvbcd1G50T2lv08kKxkSI=",
        "owner": "nixos",
        "repo": "nixpkgs",
        "rev": "051f920625ab5aabe37c920346e3e69d7d34400e",
        "type": "github"
      },
      "original": {
        "owner": "nixos",
        "ref": "nixos-unstable",
        "repo": "nixpkgs",
        "type": "github"
      }
    },
    "root": {
      "inputs": {
        "nixpkgs": "nixpkgs",
        "totp-cli": "totp-cli"
      }
    },
    "totp-cli": {
      "inputs": {
        "nixpkgs": [
          "nixpkgs"
        ]
      },
      "locked": {
        "lastModified": 1717987364,
        "narHash": "sha256-bb/Zd7i0pHK/CMRyOgHGX2/w1+vvB3Tijc2oLogyplE=",
        "owner": "probablyrohan",
        "repo": "totp-cli",
        "rev": "0ab8adbce182b7846134fb57f9cbab82f9b73891",
        "type": "github"
      },
      "original": {
        "owner": "probablyrohan",
        "repo": "totp-cli",
        "type": "github"
      }
    }
  },
  "root": "root",
  "version": 7
}
